# This file is automatically @generated by Poetry 1.4.0 and should not be changed by hand.

[[package]]
name = "more-itertools"
version = "9.1.0"
description = "More routines for operating on iterables, beyond itertools"
category = "main"
optional = false
python-versions = ">=3.7"
files = [
    {file = "more-itertools-9.1.0.tar.gz", hash = "sha256:cabaa341ad0389ea83c17a94566a53ae4c9d07349861ecb14dc6d0345cf9ac5d"},
    {file = "more_itertools-9.1.0-py3-none-any.whl", hash = "sha256:d2bc7f02446e86a68911e58ded76d6561eea00cddfb2a91e7019bbb586c799f3"},
]

[[package]]
name = "mpmath"
version = "1.3.0"
description = "Python library for arbitrary-precision floating-point arithmetic"
category = "main"
optional = false
python-versions = "*"
files = [
    {file = "mpmath-1.3.0-py3-none-any.whl", hash = "sha256:a0b2b9fe80bbcd81a6647ff13108738cfb482d481d826cc0e02f5b35e5c88d2c"},
    {file = "mpmath-1.3.0.tar.gz", hash = "sha256:7a28eb2a9774d00c7bc92411c19a89209d5da7c4c9a9e227be8330a23a25b91f"},
]

[package.extras]
develop = ["codecov", "pycodestyle", "pytest (>=4.6)", "pytest-cov", "wheel"]
docs = ["sphinx"]
gmpy = ["gmpy2 (>=2.1.0a4)"]
tests = ["pytest (>=4.6)"]

[[package]]
name = "networkx"
version = "3.1"
description = "Python package for creating and manipulating graphs and networks"
category = "main"
optional = false
python-versions = ">=3.8"
files = [
    {file = "networkx-3.1-py3-none-any.whl", hash = "sha256:4f33f68cb2afcf86f28a45f43efc27a9386b535d567d2127f8f61d51dec58d36"},
    {file = "networkx-3.1.tar.gz", hash = "sha256:de346335408f84de0eada6ff9fafafff9bcda11f0a0dfaa931133debb146ab61"},
]

[package.extras]
default = ["matplotlib (>=3.4)", "numpy (>=1.20)", "pandas (>=1.3)", "scipy (>=1.8)"]
developer = ["mypy (>=1.1)", "pre-commit (>=3.2)"]
doc = ["nb2plots (>=0.6)", "numpydoc (>=1.5)", "pillow (>=9.4)", "pydata-sphinx-theme (>=0.13)", "sphinx (>=6.1)", "sphinx-gallery (>=0.12)", "texext (>=0.6.7)"]
extra = ["lxml (>=4.6)", "pydot (>=1.4.2)", "pygraphviz (>=1.10)", "sympy (>=1.10)"]
test = ["codecov (>=2.1)", "pytest (>=7.2)", "pytest-cov (>=4.0)"]

[[package]]
name = "python-sat"
version = "0.1.8.dev7"
description = "A Python library for prototyping with SAT oracles"
category = "main"
optional = false
python-versions = "*"
files = [
    {file = "python-sat-0.1.8.dev7.tar.gz", hash = "sha256:48b8c594fba99cf522872b86f193ed4ab54e5bd5e7b6ac89a43e487395cb522b"},
    {file = "python_sat-0.1.8.dev7-cp27-cp27m-manylinux_2_5_i686.manylinux1_i686.whl", hash = "sha256:7c4d4e36178ae8ec45de2639d073c6f41c2aaa3f970fe2cca433588eee5f484e"},
    {file = "python_sat-0.1.8.dev7-cp27-cp27m-manylinux_2_5_x86_64.manylinux1_x86_64.whl", hash = "sha256:76013207137ee496ab6cfbc07ac357a2f93eeb4879ec011beda95c0b172f0237"},
    {file = "python_sat-0.1.8.dev7-cp27-cp27mu-manylinux_2_5_i686.manylinux1_i686.whl", hash = "sha256:b825044bd858d79eb30f6950de0df20f1851adee0cbd708e4ebe55f4b4a3ca40"},
    {file = "python_sat-0.1.8.dev7-cp27-cp27mu-manylinux_2_5_x86_64.manylinux1_x86_64.whl", hash = "sha256:bcf50244dfeb4d73712638f4c6cf4aea2dd66a79c50a9042d010fe0dd9801a57"},
    {file = "python_sat-0.1.8.dev7-cp310-cp310-macosx_13_0_arm64.whl", hash = "sha256:e346df7f8b5c3f9a33bd26a9b373bd263a3fe7c1f361298885f609a168803994"},
    {file = "python_sat-0.1.8.dev7-cp310-cp310-macosx_13_0_x86_64.whl", hash = "sha256:777887a2d783a5b76251cca60fca9301c007b82b7d631d044afd6e048d4d41d5"},
    {file = "python_sat-0.1.8.dev7-cp310-cp310-manylinux_2_12_x86_64.manylinux2010_x86_64.whl", hash = "sha256:5942c71136511731e2461e0d0b23a8e7b7a96626b63122bd7f2bfc1f99f3d066"},
    {file = "python_sat-0.1.8.dev7-cp310-cp310-manylinux_2_17_aarch64.manylinux2014_aarch64.whl", hash = "sha256:7e9d7e15b22182eb83c4f82b1ced484cd98a8ce4904593240c23786493d0ba7f"},
    {file = "python_sat-0.1.8.dev7-cp310-cp310-win_amd64.whl", hash = "sha256:12c870631b9f22e265fe04afb02a890a381e67af524af15a59fcdf9a45dae1ee"},
    {file = "python_sat-0.1.8.dev7-cp311-cp311-macosx_13_0_arm64.whl", hash = "sha256:81e348735c9a90f677e34bf23303c6b35b7eb61c304b23307d2a9925cdbcbb31"},
    {file = "python_sat-0.1.8.dev7-cp311-cp311-macosx_13_0_x86_64.whl", hash = "sha256:ce1f87e37ab53cd69418ba0b70e7693833a770ba5282eb7d701f2a04a8838d06"},
    {file = "python_sat-0.1.8.dev7-cp311-cp311-manylinux_2_17_aarch64.manylinux2014_aarch64.whl", hash = "sha256:4d9aa85ef20b41b8fe2cb7f2f9e28a37552f04a4d46583491fa47e3dafbc3c82"},
    {file = "python_sat-0.1.8.dev7-cp311-cp311-win_amd64.whl", hash = "sha256:1784bdcccaad4a31b1cac0e1c9d315099bce83a98d611fa5eb0c2dab6b6d4193"},
    {file = "python_sat-0.1.8.dev7-cp35-cp35m-manylinux_2_5_i686.manylinux1_i686.whl", hash = "sha256:60aaf2b8f4cbcd04f6c720a86d7aecaec9e13f77e3d8f3c8c059ac86749b612a"},
    {file = "python_sat-0.1.8.dev7-cp35-cp35m-manylinux_2_5_x86_64.manylinux1_x86_64.whl", hash = "sha256:d78b200b8d4da7fde690537aef4a0d2c72b9050dfb6403bb7015fb0d62ba983c"},
    {file = "python_sat-0.1.8.dev7-cp36-cp36m-manylinux_2_17_aarch64.manylinux2014_aarch64.whl", hash = "sha256:2ef2fe809e615cbdb1faa4ca2b1a7c51605ca073a1bfad532c4337fddb61cc73"},
    {file = "python_sat-0.1.8.dev7-cp36-cp36m-manylinux_2_5_i686.manylinux1_i686.whl", hash = "sha256:84f8f09051f4458a51cb781fb29d7c316c5f062e7e1bb7e0d87e6a43302cafa6"},
    {file = "python_sat-0.1.8.dev7-cp36-cp36m-manylinux_2_5_x86_64.manylinux1_x86_64.manylinux_2_12_x86_64.manylinux2010_x86_64.whl", hash = "sha256:442f50212c747a42956ac0e5e5c849a2172ca06184fd5920071c71068a37eaa6"},
    {file = "python_sat-0.1.8.dev7-cp36-cp36m-manylinux_2_5_x86_64.manylinux1_x86_64.whl", hash = "sha256:0483dc78e52b0d1424e189b743fbdac1b6ae10159a8b2aeda0b52a8c60af2252"},
    {file = "python_sat-0.1.8.dev7-cp36-cp36m-win_amd64.whl", hash = "sha256:12c0cfbfd6b7cc4e903ccb7e760057ff9b524e3613e2de38c6c339c0d29c77c6"},
    {file = "python_sat-0.1.8.dev7-cp37-cp37m-manylinux_2_17_aarch64.manylinux2014_aarch64.whl", hash = "sha256:4120627ea0b8aa51de21324df08281b947c274e8e8b2c246e5d7745f80105ba7"},
    {file = "python_sat-0.1.8.dev7-cp37-cp37m-manylinux_2_5_i686.manylinux1_i686.whl", hash = "sha256:af97d16a222fd282eee9628644cdde12e90a426c94d0c50a7709d53e37e3621f"},
    {file = "python_sat-0.1.8.dev7-cp37-cp37m-manylinux_2_5_x86_64.manylinux1_x86_64.manylinux_2_12_x86_64.manylinux2010_x86_64.whl", hash = "sha256:646532588811ff8e205b282ff26434ecd5cc7f0ef16bab38a05de927b7e8e6a6"},
    {file = "python_sat-0.1.8.dev7-cp37-cp37m-manylinux_2_5_x86_64.manylinux1_x86_64.whl", hash = "sha256:8b10fb99a85483865579d561602905c8eba9c7848aa5e1b580c8821959a556b7"},
    {file = "python_sat-0.1.8.dev7-cp37-cp37m-win_amd64.whl", hash = "sha256:9e3b01bb8c2b3c5dd2dbe0094e69bacb10984591bdce83a69c54f485046da2e8"},
    {file = "python_sat-0.1.8.dev7-cp38-cp38-macosx_13_0_arm64.whl", hash = "sha256:ac3f927337805c2fb478a97ebd652b974ab6c588f11a73d29d2961154410efdd"},
    {file = "python_sat-0.1.8.dev7-cp38-cp38-macosx_13_0_x86_64.whl", hash = "sha256:babb0e26f76b537220aa8dc005c335001ff01d650030d97f0b14c0133b0a4e83"},
    {file = "python_sat-0.1.8.dev7-cp38-cp38-manylinux_2_17_aarch64.manylinux2014_aarch64.whl", hash = "sha256:13e4ad3d6e007266c944c4d55e685ce9e72f462fdd8528aa6389ba4c58c901ee"},
    {file = "python_sat-0.1.8.dev7-cp38-cp38-manylinux_2_5_i686.manylinux1_i686.whl", hash = "sha256:76c68c76d303ef6755b3c9402205f973c1cf324e61c94f14017c22c780df17ac"},
    {file = "python_sat-0.1.8.dev7-cp38-cp38-manylinux_2_5_x86_64.manylinux1_x86_64.manylinux_2_12_x86_64.manylinux2010_x86_64.whl", hash = "sha256:d5d841c8c76e45be0619a07200b9d166ed2206c7b4a9f102c63dfff9a7920435"},
    {file = "python_sat-0.1.8.dev7-cp38-cp38-manylinux_2_5_x86_64.manylinux1_x86_64.whl", hash = "sha256:54c24f220d2fdad4d9027d410b370e6abcf6defae0deca12f008171536453ab2"},
    {file = "python_sat-0.1.8.dev7-cp38-cp38-win_amd64.whl", hash = "sha256:0542c1b5c19516c53f3490744394d84e4897754423818579c409ee7a89d509ad"},
    {file = "python_sat-0.1.8.dev7-cp39-cp39-macosx_13_0_arm64.whl", hash = "sha256:f9193d7ee429563e1f4fd756667a8b75a2decd9f5789a8c542e3de8619b88273"},
    {file = "python_sat-0.1.8.dev7-cp39-cp39-macosx_13_0_x86_64.whl", hash = "sha256:c079fbed55ca611ef954c4908e4356593450d1980dae9ecafae7a2703d212a9a"},
    {file = "python_sat-0.1.8.dev7-cp39-cp39-manylinux_2_17_aarch64.manylinux2014_aarch64.whl", hash = "sha256:48c670977bca92af87083df903a0f9f1ec003d51020b780be75825b768d6d299"},
    {file = "python_sat-0.1.8.dev7-cp39-cp39-manylinux_2_5_i686.manylinux1_i686.whl", hash = "sha256:198cae255414826ef822eec3cadcd5c8246c030c077a69ba30d5109db326e1a0"},
    {file = "python_sat-0.1.8.dev7-cp39-cp39-manylinux_2_5_x86_64.manylinux1_x86_64.manylinux_2_12_x86_64.manylinux2010_x86_64.whl", hash = "sha256:ded04ae935c78503f00e27eda85b96bb3fd61a495c6e74221c03f290b6fe30d1"},
    {file = "python_sat-0.1.8.dev7-cp39-cp39-manylinux_2_5_x86_64.manylinux1_x86_64.whl", hash = "sha256:f7eddad88228ceff3c7370573d9d454736721340bdcb9501fac665ed06683ba5"},
    {file = "python_sat-0.1.8.dev7-cp39-cp39-win_amd64.whl", hash = "sha256:3ebde92374f2354c0241e92ced2f2d51a02450b270e5d5f5707f719ebfb83208"},
    {file = "python_sat-0.1.8.dev7-pp37-pypy37_pp73-manylinux_2_12_x86_64.manylinux2010_x86_64.whl", hash = "sha256:01bda1202c3ffbad6982d73140fe7e7046d54d4e86824302c98f471c6a76ec13"},
    {file = "python_sat-0.1.8.dev7-pp37-pypy37_pp73-manylinux_2_17_aarch64.manylinux2014_aarch64.whl", hash = "sha256:c6da80e4cb55ad1b789c0ac5172a8149c1061268d92e23e91afae238763fed75"},
    {file = "python_sat-0.1.8.dev7-pp38-pypy38_pp73-manylinux_2_12_x86_64.manylinux2010_x86_64.whl", hash = "sha256:cba481e8bf62be3386a3db2fa56b4811d5ca36a187d56a856117942bf9fb8b0e"},
    {file = "python_sat-0.1.8.dev7-pp38-pypy38_pp73-manylinux_2_17_aarch64.manylinux2014_aarch64.whl", hash = "sha256:bcf34a8c5224a74697d51e192c43465e83f94333ccddc7d255363b5eb9c2dfe8"},
    {file = "python_sat-0.1.8.dev7-pp39-pypy39_pp73-manylinux_2_17_aarch64.manylinux2014_aarch64.whl", hash = "sha256:cb08b4e48d4f58580265ba1fa2d3d35cf26aa5f9c37d91c2efefa9df12f440d4"},
]

[package.dependencies]
six = "*"

[package.extras]
aiger = ["py-aiger-cnf (>=2.0.0)"]
approxmc = ["pyapproxmc (>=4.1.8)"]
pblib = ["pypblib (>=0.0.3)"]

[[package]]
name = "six"
version = "1.16.0"
description = "Python 2 and 3 compatibility utilities"
category = "main"
optional = false
python-versions = ">=2.7, !=3.0.*, !=3.1.*, !=3.2.*"
files = [
    {file = "six-1.16.0-py2.py3-none-any.whl", hash = "sha256:8abb2f1d86890a2dfb989f9a77cfcfd3e47c2a354b01111771326f8aa26e0254"},
    {file = "six-1.16.0.tar.gz", hash = "sha256:1e61c37477a1626458e36f7b1d82aa5c9b094fa4802892072e49de9c60c4c926"},
]

[[package]]
name = "sympy"
version = "1.12"
description = "Computer algebra system (CAS) in Python"
category = "main"
optional = false
python-versions = ">=3.8"
files = [
    {file = "sympy-1.12-py3-none-any.whl", hash = "sha256:c3588cd4295d0c0f603d0f2ae780587e64e2efeedb3521e46b9bb1d08d184fa5"},
    {file = "sympy-1.12.tar.gz", hash = "sha256:ebf595c8dac3e0fdc4152c51878b498396ec7f30e7a914d6071e674d49420fb8"},
]

[package.dependencies]
mpmath = ">=0.19"

[metadata]
lock-version = "2.0"
python-versions = "^3.11"
content-hash = "0b350e546aabf0dd8785a05c5e2e990af02b9f28857dca2fc2fe9cd7279ae5ea"
